
Microsoft Visual Studio Solution File, Format Version 12.00
# Visual Studio Version 17
VisualStudioVersion = 17.3.32825.248
MinimumVisualStudioVersion = 10.0.40219.1
Project("{FAE04EC0-301F-11D3-BF4B-00C04F79EFBC}") = "OOPLab3.3", "OOPLab3.3\OOPLab3.3.csproj", "{4640FBEE-21E2-44F0-A41B-0CE3D27DCF98}"
EndProject
Global
	GlobalSection(SolutionConfigurationPlatforms) = preSolution
		Debug|Any CPU = Debug|Any CPU
		Release|Any CPU = Release|Any CPU
	EndGlobalSection
	GlobalSection(ProjectConfigurationPlatforms) = postSolution
		{4640FBEE-21E2-44F0-A41B-0CE3D27DCF98}.Debug|Any CPU.ActiveCfg = Debug|Any CPU
		{4640FBEE-21E2-44F0-A41B-0CE3D27DCF98}.Debug|Any CPU.Build.0 = Debug|Any CPU
		{4640FBEE-21E2-44F0-A41B-0CE3D27DCF98}.Release|Any CPU.ActiveCfg = Release|Any CPU
		{4640FBEE-21E2-44F0-A41B-0CE3D27DCF98}.Release|Any CPU.Build.0 = Release|Any CPU
	EndGlobalSection
	GlobalSection(SolutionProperties) = preSolution
		HideSolutionNode = FALSE
	EndGlobalSection
	GlobalSection(ExtensibilityGlobals) = postSolution
		SolutionGuid = {42256454-335B-49D6-AEEF-3B5678AB4FD6}
	EndGlobalSection
EndGlobal
